PATH
  remote: .
  specs:
    rbshard (0.1.0)
      twofish (~> 1.0)
      webrick (~> 1.8)

GEM
  remote: https://rubygems.org/
  specs:
    minitest (5.25.5)
    rake (13.3.0)
    twofish (1.0.8)
    webrick (1.9.2)

PLATFORMS
  ruby
  x86_64-linux

DEPENDENCIES
  minitest (~> 5)
  rake (~> 13)
  rbshard!

BUNDLED WITH
   2.4.22
